// !$*UTF8*$!
{
	archiveVersion = 1;
	classes = {
	};
	objectVersion = 56;
	objects = {

/* Begin PBXBuildFile section */
		0F7122BF2CDE76DC00124CE9 /* AppDelegate.swift in Sources */ = {isa = PBXBuildFile; fileRef = 0F7122BE2CDE76DC00124CE9 /* AppDelegate.swift */; };
		0F7122C12CDE76DC00124CE9 /* SceneDelegate.swift in Sources */ = {isa = PBXBuildFile; fileRef = 0F7122C02CDE76DC00124CE9 /* SceneDelegate.swift */; };
		0F7122C32CDE76DC00124CE9 /* ViewController.swift in Sources */ = {isa = PBXBuildFile; fileRef = 0F7122C22CDE76DC00124CE9 /* ViewController.swift */; };
		0F7122C82CDE76DF00124CE9 /* Assets.xcassets in Resources */ = {isa = PBXBuildFile; fileRef = 0F7122C72CDE76DF00124CE9 /* Assets.xcassets */; };
		0F7122CB2CDE76DF00124CE9 /* LaunchScreen.storyboard in Resources */ = {isa = PBXBuildFile; fileRef = 0F7122C92CDE76DF00124CE9 /* LaunchScreen.storyboard */; };
		0F7122FD2CE4DFEB00124CE9 /* PhotoCell.swift in Sources */ = {isa = PBXBuildFile; fileRef = 0F7122FC2CE4DFEB00124CE9 /* PhotoCell.swift */; };
		0F7122FF2CE4E12900124CE9 /* PhotoData.swift in Sources */ = {isa = PBXBuildFile; fileRef = 0F7122FE2CE4E12900124CE9 /* PhotoData.swift */; };
		0F7123012CE4E19D00124CE9 /* NetworkingManager.swift in Sources */ = {isa = PBXBuildFile; fileRef = 0F7123002CE4E19D00124CE9 /* NetworkingManager.swift */; };
/* End PBXBuildFile section */

/* Begin PBXFileReference section */
		0F7122BB2CDE76DC00124CE9 /* UnsplashPhotosApp.app */ = {isa = PBXFileReference; explicitFileType = wrapper.application; includeInIndex = 0; path = UnsplashPhotosApp.app; sourceTree = BUILT_PRODUCTS_DIR; };
		0F7122BE2CDE76DC00124CE9 /* AppDelegate.swift */ = {isa = PBXFileReference; lastKnownFileType = sourcecode.swift; path = AppDelegate.swift; sourceTree = "<group>"; };
		0F7122C02CDE76DC00124CE9 /* SceneDelegate.swift */ = {isa = PBXFileReference; lastKnownFileType = sourcecode.swift; path = SceneDelegate.swift; sourceTree = "<group>"; };
		0F7122C22CDE76DC00124CE9 /* ViewController.swift */ = {isa = PBXFileReference; lastKnownFileType = sourcecode.swift; path = ViewController.swift; sourceTree = "<group>"; };
		0F7122C72CDE76DF00124CE9 /* Assets.xcassets */ = {isa = PBXFileReference; lastKnownFileType = folder.assetcatalog; path = Assets.xcassets; sourceTree = "<group>"; };
		0F7122CA2CDE76DF00124CE9 /* Base */ = {isa = PBXFileReference; lastKnownFileType = file.storyboard; name = Base; path = Base.lproj/LaunchScreen.storyboard; sourceTree = "<group>"; };
		0F7122CC2CDE76DF00124CE9 /* Info.plist */ = {isa = PBXFileReference; lastKnownFileType = text.plist.xml; path = Info.plist; sourceTree = "<group>"; };
		0F7122FC2CE4DFEB00124CE9 /* PhotoCell.swift */ = {isa = PBXFileReference; lastKnownFileType = sourcecode.swift; path = PhotoCell.swift; sourceTree = "<group>"; };
		0F7122FE2CE4E12900124CE9 /* PhotoData.swift */ = {isa = PBXFileReference; lastKnownFileType = sourcecode.swift; path = PhotoData.swift; sourceTree = "<group>"; };
		0F7123002CE4E19D00124CE9 /* NetworkingManager.swift */ = {isa = PBXFileReference; lastKnownFileType = sourcecode.swift; path = NetworkingManager.swift; sourceTree = "<group>"; };
/* End PBXFileReference section */

/* Begin PBXFrameworksBuildPhase section */
		0F7122B82CDE76DC00124CE9 /* Frameworks */ = {
			isa = PBXFrameworksBuildPhase;
			buildActionMask = 2147483647;
			files = (
			);
			runOnlyForDeploymentPostprocessing = 0;
		};
/* End PBXFrameworksBuildPhase section */

/* Begin PBXGroup section */
		0F7122B22CDE76DC00124CE9 = {
			isa = PBXGroup;
			children = (
				0F7122BD2CDE76DC00124CE9 /* UnsplashPhotosApp */,
				0F7122BC2CDE76DC00124CE9 /* Products */,
			);
			sourceTree = "<group>";
		};
		0F7122BC2CDE76DC00124CE9 /* Products */ = {
			isa = PBXGroup;
			children = (
				0F7122BB2CDE76DC00124CE9 /* UnsplashPhotosApp.app */,
			);
			name = Products;
			sourceTree = "<group>";
		};
		0F7122BD2CDE76DC00124CE9 /* UnsplashPhotosApp */ = {
			isa = PBXGroup;
			children = (
				0F7122BE2CDE76DC00124CE9 /* AppDelegate.swift */,
				0F7122C02CDE76DC00124CE9 /* SceneDelegate.swift */,
				0F7122FC2CE4DFEB00124CE9 /* PhotoCell.swift */,
				0F7122C22CDE76DC00124CE9 /* ViewController.swift */,
				0F7123002CE4E19D00124CE9 /* NetworkingManager.swift */,
				0F7122FE2CE4E12900124CE9 /* PhotoData.swift */,
				0F7122C72CDE76DF00124CE9 /* Assets.xcassets */,
				0F7122C92CDE76DF00124CE9 /* LaunchScreen.storyboard */,
				0F7122CC2CDE76DF00124CE9 /* Info.plist */,
			);
			path = UnsplashPhotosApp;
			sourceTree = "<group>";
		};
/* End PBXGroup section */

/* Begin PBXNativeTarget section */
		0F7122BA2CDE76DC00124CE9 /* UnsplashPhotosApp */ = {
			isa = PBXNativeTarget;
			buildConfigurationList = 0F7122CF2CDE76DF00124CE9 /* Build configuration list for PBXNativeTarget "UnsplashPhotosApp" */;
			buildPhases = (
				0F7122B72CDE76DC00124CE9 /* Sources */,
				0F7122B82CDE76DC00124CE9 /* Frameworks */,
				0F7122B92CDE76DC00124CE9 /* Resources */,
			);
			buildRules = (
			);
			dependencies = (
			);
			name = UnsplashPhotosApp;
			productName = UnsplashPhotosApp;
			productReference = 0F7122BB2CDE76DC00124CE9 /* UnsplashPhotosApp.app */;
			productType = "com.apple.product-type.application";
		};
/* End PBXNativeTarget section */

/* Begin PBXProject section */
		0F7122B32CDE76DC00124CE9 /* Project object */ = {
			isa = PBXProject;
			attributes = {
				BuildIndependentTargetsInParallel = 1;
				LastSwiftUpdateCheck = 1510;
				LastUpgradeCheck = 1510;
				TargetAttributes = {
					0F7122BA2CDE76DC00124CE9 = {
						CreatedOnToolsVersion = 15.1;
					};
				};
			};
			buildConfigurationList = 0F7122B62CDE76DC00124CE9 /* Build configuration list for PBXProject "UnsplashPhotosApp" */;
			compatibilityVersion = "Xcode 14.0";
			developmentRegion = en;
			hasScannedForEncodings = 0;
			knownRegions = (
				en,
				Base,
			);
			mainGroup = 0F7122B22CDE76DC00124CE9;
			productRefGroup = 0F7122BC2CDE76DC00124CE9 /* Products */;
			projectDirPath = "";
			projectRoot = "";
			targets = (
				0F7122BA2CDE76DC00124CE9 /* UnsplashPhotosApp */,
			);
		};
/* End PBXProject section */

/* Begin PBXResourcesBuildPhase section */
		0F7122B92CDE76DC00124CE9 /* Resources */ = {
			isa = PBXResourcesBuildPhase;
			buildActionMask = 2147483647;
			files = (
				0F7122CB2CDE76DF00124CE9 /* LaunchScreen.storyboard in Resources */,
				0F7122C82CDE76DF00124CE9 /* Assets.xcassets in Resources */,
			);
			runOnlyForDeploymentPostprocessing = 0;
		};
/* End PBXResourcesBuildPhase section */

/* Begin PBXSourcesBuildPhase section */
		0F7122B72CDE76DC00124CE9 /* Sources */ = {
			isa = PBXSourcesBuildPhase;
			buildActionMask = 2147483647;
			files = (
				0F7122C32CDE76DC00124CE9 /* ViewController.swift in Sources */,
				0F7122FF2CE4E12900124CE9 /* PhotoData.swift in Sources */,
				0F7122BF2CDE76DC00124CE9 /* AppDelegate.swift in Sources */,
				0F7123012CE4E19D00124CE9 /* NetworkingManager.swift in Sources */,
				0F7122FD2CE4DFEB00124CE9 /* PhotoCell.swift in Sources */,
				0F7122C12CDE76DC00124CE9 /* SceneDelegate.swift in Sources */,
			);
			runOnlyForDeploymentPostprocessing = 0;
		};
/* End PBXSourcesBuildPhase section */

/* Begin PBXVariantGroup section */
		0F7122C92CDE76DF00124CE9 /* LaunchScreen.storyboard */ = {
			isa = PBXVariantGroup;
			children = (
				0F7122CA2CDE76DF00124CE9 /* Base */,
			);
			name = LaunchScreen.storyboard;
			sourceTree = "<group>";
		};
/* End PBXVariantGroup section */

/* Begin XCBuildConfiguration section */
		0F7122CD2CDE76DF00124CE9 /* Debug */ = {
			isa = XCBuildConfiguration;
			buildSettings = {
				ALWAYS_SEARCH_USER_PATHS = NO;
				ASSETCATALOG_COMPILER_GENERATE_SWIFT_ASSET_SYMBOL_EXTENSIONS = YES;
				CLANG_ANALYZER_NONNULL = YES;
				CLANG_ANALYZER_NUMBER_OBJECT_CONVERSION = YES_AGGRESSIVE;
				CLANG_CXX_LANGUAGE_STANDARD = "gnu++20";
				CLANG_ENABLE_MODULES = YES;
				CLANG_ENABLE_OBJC_ARC = YES;
				CLANG_ENABLE_OBJC_WEAK = YES;
				CLANG_WARN_BLOCK_CAPTURE_AUTORELEASING = YES;
				CLANG_WARN_BOOL_CONVERSION = YES;
				CLANG_WARN_COMMA = YES;
				CLANG_WARN_CONSTANT_CONVERSION = YES;
				CLANG_WARN_DEPRECATED_OBJC_IMPLEMENTATIONS = YES;
				CLANG_WARN_DIRECT_OBJC_ISA_USAGE = YES_ERROR;
				CLANG_WARN_DOCUMENTATION_COMMENTS = YES;
				CLANG_WARN_EMPTY_BODY = YES;
				CLANG_WARN_ENUM_CONVERSION = YES;
				CLANG_WARN_INFINITE_RECURSION = YES;
				CLANG_WARN_INT_CONVERSION = YES;
				CLANG_WARN_NON_LITERAL_NULL_CONVERSION = YES;
				CLANG_WARN_OBJC_IMPLICIT_RETAIN_SELF = YES;
				CLANG_WARN_OBJC_LITERAL_CONVERSION = YES;
				CLANG_WARN_OBJC_ROOT_CLASS = YES_ERROR;
				CLANG_WARN_QUOTED_INCLUDE_IN_FRAMEWORK_HEADER = YES;
				CLANG_WARN_RANGE_LOOP_ANALYSIS = YES;
				CLANG_WARN_STRICT_PROTOTYPES = YES;
				CLANG_WARN_SUSPICIOUS_MOVE = YES;
				CLANG_WARN_UNGUARDED_AVAILABILITY = YES_AGGRESSIVE;
				CLANG_WARN_UNREACHABLE_CODE = YES;
				CLANG_WARN__DUPLICATE_METHOD_MATCH = YES;
				COPY_PHASE_STRIP = NO;
				DEBUG_INFORMATION_FORMAT = dwarf;
				ENABLE_STRICT_OBJC_MSGSEND = YES;
				ENABLE_TESTABILITY = YES;
				ENABLE_USER_SCRIPT_SANDBOXING = YES;
				GCC_C_LANGUAGE_STANDARD = gnu17;
				GCC_DYNAMIC_NO_PIC = NO;
				GCC_NO_COMMON_BLOCKS = YES;
				GCC_OPTIMIZATION_LEVEL = 0;
				GCC_PREPROCESSOR_DEFINITIONS = (
					"DEBUG=1",
					"$(inherited)",
				);
				GCC_WARN_64_TO_32_BIT_CONVERSION = YES;
				GCC_WARN_ABOUT_RETURN_TYPE = YES_ERROR;
				GCC_WARN_UNDECLARED_SELECTOR = YES;
				GCC_WARN_UNINITIALIZED_AUTOS = YES_AGGRESSIVE;
				GCC_WARN_UNUSED_FUNCTION = YES;
				GCC_WARN_UNUSED_VARIABLE = YES;
				IPHONEOS_DEPLOYMENT_TARGET = 17.2;
				LOCALIZATION_PREFERS_STRING_CATALOGS = YES;
				MTL_ENABLE_DEBUG_INFO = INCLUDE_SOURCE;
				MTL_FAST_MATH = YES;
				ONLY_ACTIVE_ARCH = YES;
				SDKROOT = iphoneos;
				SWIFT_ACTIVE_COMPILATION_CONDITIONS = "DEBUG $(inherited)";
				SWIFT_OPTIMIZATION_LEVEL = "-Onone";
			};
			name = Debug;
		};
		0F7122CE2CDE76DF00124CE9 /* Release */ = {
			isa = XCBuildConfiguration;
			buildSettings = {
				ALWAYS_SEARCH_USER_PATHS = NO;
				ASSETCATALOG_COMPILER_GENERATE_SWIFT_ASSET_SYMBOL_EXTENSIONS = YES;
				CLANG_ANALYZER_NONNULL = YES;
				CLANG_ANALYZER_NUMBER_OBJECT_CONVERSION = YES_AGGRESSIVE;
				CLANG_CXX_LANGUAGE_STANDARD = "gnu++20";
				CLANG_ENABLE_MODULES = YES;
				CLANG_ENABLE_OBJC_ARC = YES;
				CLANG_ENABLE_OBJC_WEAK = YES;
				CLANG_WARN_BLOCK_CAPTURE_AUTORELEASING = YES;
				CLANG_WARN_BOOL_CONVERSION = YES;
				CLANG_WARN_COMMA = YES;
				CLANG_WARN_CONSTANT_CONVERSION = YES;
				CLANG_WARN_DEPRECATED_OBJC_IMPLEMENTATIONS = YES;
				CLANG_WARN_DIRECT_OBJC_ISA_USAGE = YES_ERROR;
				CLANG_WARN_DOCUMENTATION_COMMENTS = YES;
				CLANG_WARN_EMPTY_BODY = YES;
				CLANG_WARN_ENUM_CONVERSION = YES;
				CLANG_WARN_INFINITE_RECURSION = YES;
				CLANG_WARN_INT_CONVERSION = YES;
				CLANG_WARN_NON_LITERAL_NULL_CONVERSION = YES;
				CLANG_WARN_OBJC_IMPLICIT_RETAIN_SELF = YES;
				CLANG_WARN_OBJC_LITERAL_CONVERSION = YES;
				CLANG_WARN_OBJC_ROOT_CLASS = YES_ERROR;
				CLANG_WARN_QUOTED_INCLUDE_IN_FRAMEWORK_HEADER = YES;
				CLANG_WARN_RANGE_LOOP_ANALYSIS = YES;
				CLANG_WARN_STRICT_PROTOTYPES = YES;
				CLANG_WARN_SUSPICIOUS_MOVE = YES;
				CLANG_WARN_UNGUARDED_AVAILABILITY = YES_AGGRESSIVE;
				CLANG_WARN_UNREACHABLE_CODE = YES;
				CLANG_WARN__DUPLICATE_METHOD_MATCH = YES;
				COPY_PHASE_STRIP = NO;
				DEBUG_INFORMATION_FORMAT = "dwarf-with-dsym";
				ENABLE_NS_ASSERTIONS = NO;
				ENABLE_STRICT_OBJC_MSGSEND = YES;
				ENABLE_USER_SCRIPT_SANDBOXING = YES;
				GCC_C_LANGUAGE_STANDARD = gnu17;
				GCC_NO_COMMON_BLOCKS = YES;
				GCC_WARN_64_TO_32_BIT_CONVERSION = YES;
				GCC_WARN_ABOUT_RETURN_TYPE = YES_ERROR;
				GCC_WARN_UNDECLARED_SELECTOR = YES;
				GCC_WARN_UNINITIALIZED_AUTOS = YES_AGGRESSIVE;
				GCC_WARN_UNUSED_FUNCTION = YES;
				GCC_WARN_UNUSED_VARIABLE = YES;
				IPHONEOS_DEPLOYMENT_TARGET = 17.2;
				LOCALIZATION_PREFERS_STRING_CATALOGS = YES;
				MTL_ENABLE_DEBUG_INFO = NO;
				MTL_FAST_MATH = YES;
				SDKROOT = iphoneos;
				SWIFT_COMPILATION_MODE = wholemodule;
				VALIDATE_PRODUCT = YES;
			};
			name = Release;
		};
		0F7122D02CDE76DF00124CE9 /* Debug */ = {
			isa = XCBuildConfiguration;
			buildSettings = {
				ASSETCATALOG_COMPILER_APPICON_NAME = AppIcon;
				ASSETCATALOG_COMPILER_GLOBAL_ACCENT_COLOR_NAME = AccentColor;
				CODE_SIGN_STYLE = Automatic;
				CURRENT_PROJECT_VERSION = 1;
				DEVELOPMENT_TEAM = ALKRJ6V799;
				GENERATE_INFOPLIST_FILE = YES;
				INFOPLIST_FILE = UnsplashPhotosApp/Info.plist;
				INFOPLIST_KEY_UIApplicationSupportsIndirectInputEvents = YES;
				INFOPLIST_KEY_UILaunchStoryboardName = LaunchScreen;
				INFOPLIST_KEY_UISupportedInterfaceOrientations_iPad = "UIInterfaceOrientationPortrait UIInterfaceOrientationPortraitUpsideDown UIInterfaceOrientationLandscapeLeft UIInterfaceOrientationLandscapeRight";
				INFOPLIST_KEY_UISupportedInterfaceOrientations_iPhone = "UIInterfaceOrientationPortrait UIInterfaceOrientationLandscapeLeft UIInterfaceOrientationLandscapeRight";
				LD_RUNPATH_SEARCH_PATHS = (
					"$(inherited)",
					"@executable_path/Frameworks",
				);
				MARKETING_VERSION = 1.0;
				PRODUCT_BUNDLE_IDENTIFIER = com.asetbsb.UnsplashPhotosApp;
				PRODUCT_NAME = "$(TARGET_NAME)";
				SWIFT_EMIT_LOC_STRINGS = YES;
				SWIFT_VERSION = 5.0;
				TARGETED_DEVICE_FAMILY = "1,2";
			};
			name = Debug;
		};
		0F7122D12CDE76DF00124CE9 /* Release */ = {
			isa = XCBuildConfiguration;
			buildSettings = {
				ASSETCATALOG_COMPILER_APPICON_NAME = AppIcon;
				ASSETCATALOG_COMPILER_GLOBAL_ACCENT_COLOR_NAME = AccentColor;
				CODE_SIGN_STYLE = Automatic;
				CURRENT_PROJECT_VERSION = 1;
				DEVELOPMENT_TEAM = ALKRJ6V799;
				GENERATE_INFOPLIST_FILE = YES;
				INFOPLIST_FILE = UnsplashPhotosApp/Info.plist;
				INFOPLIST_KEY_UIApplicationSupportsIndirectInputEvents = YES;
				INFOPLIST_KEY_UILaunchStoryboardName = LaunchScreen;
				INFOPLIST_KEY_UISupportedInterfaceOrientations_iPad = "UIInterfaceOrientationPortrait UIInterfaceOrientationPortraitUpsideDown UIInterfaceOrientationLandscapeLeft UIInterfaceOrientationLandscapeRight";
				INFOPLIST_KEY_UISupportedInterfaceOrientations_iPhone = "UIInterfaceOrientationPortrait UIInterfaceOrientationLandscapeLeft UIInterfaceOrientationLandscapeRight";
				LD_RUNPATH_SEARCH_PATHS = (
					"$(inherited)",
					"@executable_path/Frameworks",
				);
				MARKETING_VERSION = 1.0;
				PRODUCT_BUNDLE_IDENTIFIER = com.asetbsb.UnsplashPhotosApp;
				PRODUCT_NAME = "$(TARGET_NAME)";
				SWIFT_EMIT_LOC_STRINGS = YES;
				SWIFT_VERSION = 5.0;
				TARGETED_DEVICE_FAMILY = "1,2";
			};
			name = Release;
		};
/* End XCBuildConfiguration section */

/* Begin XCConfigurationList section */
		0F7122B62CDE76DC00124CE9 /* Build configuration list for PBXProject "UnsplashPhotosApp" */ = {
			isa = XCConfigurationList;
			buildConfigurations = (
				0F7122CD2CDE76DF00124CE9 /* Debug */,
				0F7122CE2CDE76DF00124CE9 /* Release */,
			);
			defaultConfigurationIsVisible = 0;
			defaultConfigurationName = Release;
		};
		0F7122CF2CDE76DF00124CE9 /* Build configuration list for PBXNativeTarget "UnsplashPhotosApp" */ = {
			isa = XCConfigurationList;
			buildConfigurations = (
				0F7122D02CDE76DF00124CE9 /* Debug */,
				0F7122D12CDE76DF00124CE9 /* Release */,
			);
			defaultConfigurationIsVisible = 0;
			defaultConfigurationName = Release;
		};
/* End XCConfigurationList section */
	};
	rootObject = 0F7122B32CDE76DC00124CE9 /* Project object */;
}
